
Microsoft Visual Studio Solution File, Format Version 12.00
# Visual Studio Version 17
VisualStudioVersion = 17.12.35527.113 d17.12
MinimumVisualStudioVersion = 10.0.40219.1
Project("{FAE04EC0-301F-11D3-BF4B-00C04F79EFBC}") = "CustomAuthorizationLoginExample", "CustomAuthorizationLoginExample\CustomAuthorizationLoginExample.csproj", "{5F63F53E-3A0D-4059-824F-D837346F5C4F}"
EndProject
Project("{FAE04EC0-301F-11D3-BF4B-00C04F79EFBC}") = "CustomAuthorizationLoginExample.Domain", "CustomAuthorizationLoginExample.Domain\CustomAuthorizationLoginExample.Domain.csproj", "{638DADED-2695-43CB-B975-0263B404B4DD}"
EndProject
Project("{FAE04EC0-301F-11D3-BF4B-00C04F79EFBC}") = "CustomAuthorizationLoginExample.Database", "CustomAuthorizationLoginExample.Database\CustomAuthorizationLoginExample.Database.csproj", "{F99DA870-905C-4CAB-9CA0-0BDDB5DAAD0F}"
EndProject
Global
	GlobalSection(SolutionConfigurationPlatforms) = preSolution
		Debug|Any CPU = Debug|Any CPU
		Release|Any CPU = Release|Any CPU
	EndGlobalSection
	GlobalSection(ProjectConfigurationPlatforms) = postSolution
		{5F63F53E-3A0D-4059-824F-D837346F5C4F}.Debug|Any CPU.ActiveCfg = Debug|Any CPU
		{5F63F53E-3A0D-4059-824F-D837346F5C4F}.Debug|Any CPU.Build.0 = Debug|Any CPU
		{5F63F53E-3A0D-4059-824F-D837346F5C4F}.Release|Any CPU.ActiveCfg = Release|Any CPU
		{5F63F53E-3A0D-4059-824F-D837346F5C4F}.Release|Any CPU.Build.0 = Release|Any CPU
		{638DADED-2695-43CB-B975-0263B404B4DD}.Debug|Any CPU.ActiveCfg = Debug|Any CPU
		{638DADED-2695-43CB-B975-0263B404B4DD}.Debug|Any CPU.Build.0 = Debug|Any CPU
		{638DADED-2695-43CB-B975-0263B404B4DD}.Release|Any CPU.ActiveCfg = Release|Any CPU
		{638DADED-2695-43CB-B975-0263B404B4DD}.Release|Any CPU.Build.0 = Release|Any CPU
		{F99DA870-905C-4CAB-9CA0-0BDDB5DAAD0F}.Debug|Any CPU.ActiveCfg = Debug|Any CPU
		{F99DA870-905C-4CAB-9CA0-0BDDB5DAAD0F}.Debug|Any CPU.Build.0 = Debug|Any CPU
		{F99DA870-905C-4CAB-9CA0-0BDDB5DAAD0F}.Release|Any CPU.ActiveCfg = Release|Any CPU
		{F99DA870-905C-4CAB-9CA0-0BDDB5DAAD0F}.Release|Any CPU.Build.0 = Release|Any CPU
	EndGlobalSection
	GlobalSection(SolutionProperties) = preSolution
		HideSolutionNode = FALSE
	EndGlobalSection
EndGlobal
